
Microsoft Visual Studio Solution File, Format Version 11.00
# Visual Studio 2010
Project("{FAE04EC0-301F-11D3-BF4B-00C04F79EFBC}") = "ThroughTheEyes", "ThroughTheEyes.csproj", "{7490BCE5-BAC8-44E3-BE55-6E6694583BC8}"
EndProject
Global
	GlobalSection(SolutionConfigurationPlatforms) = preSolution
		Debug|Any CPU = Debug|Any CPU
		Release|Any CPU = Release|Any CPU
	EndGlobalSection
	GlobalSection(ProjectConfigurationPlatforms) = postSolution
		{7490BCE5-BAC8-44E3-BE55-6E6694583BC8}.Debug|Any CPU.ActiveCfg = Debug|Any CPU
		{7490BCE5-BAC8-44E3-BE55-6E6694583BC8}.Debug|Any CPU.Build.0 = Debug|Any CPU
		{7490BCE5-BAC8-44E3-BE55-6E6694583BC8}.Release|Any CPU.ActiveCfg = Release|Any CPU
		{7490BCE5-BAC8-44E3-BE55-6E6694583BC8}.Release|Any CPU.Build.0 = Release|Any CPU
	EndGlobalSection
EndGlobal
